// !$*UTF8*$!
{
	archiveVersion = 1;
	classes = {
	};
	objectVersion = 55;
	objects = {

/* Begin PBXBuildFile section */
		11CC528362C173259F98DE04 /* Pods_MotivityWidgetExtension.framework in Frameworks */ = {isa = PBXBuildFile; fileRef = 0D351A6A635218B901E205A4 /* Pods_MotivityWidgetExtension.framework */; };
		2F06DBD4280B2E9800EF0069 /* GoogleService-Info.plist in Resources */ = {isa = PBXBuildFile; fileRef = 2F06DBD3280B2E9800EF0069 /* GoogleService-Info.plist */; };
		2F06DBD6280E20BB00EF0069 /* AuthRouter.swift in Sources */ = {isa = PBXBuildFile; fileRef = 2F06DBD5280E20BB00EF0069 /* AuthRouter.swift */; };
		721F7EA328137204007AFE7F /* AuthRouter.swift in Sources */ = {isa = PBXBuildFile; fileRef = 2F06DBD5280E20BB00EF0069 /* AuthRouter.swift */; };
		72E664FA2805DEC0009A822D /* WidgetKit.framework in Frameworks */ = {isa = PBXBuildFile; fileRef = 72E664F92805DEC0009A822D /* WidgetKit.framework */; };
		72E664FC2805DEC0009A822D /* SwiftUI.framework in Frameworks */ = {isa = PBXBuildFile; fileRef = 72E664FB2805DEC0009A822D /* SwiftUI.framework */; };
		72E664FF2805DEC0009A822D /* MotivityWidget.swift in Sources */ = {isa = PBXBuildFile; fileRef = 72E664FE2805DEC0009A822D /* MotivityWidget.swift */; };
		72E665022805DEC2009A822D /* Assets.xcassets in Resources */ = {isa = PBXBuildFile; fileRef = 72E665012805DEC2009A822D /* Assets.xcassets */; };
		72E665042805DEC2009A822D /* MotivityWidget.intentdefinition in Sources */ = {isa = PBXBuildFile; fileRef = 72E665002805DEC0009A822D /* MotivityWidget.intentdefinition */; };
		72E665052805DEC2009A822D /* MotivityWidget.intentdefinition in Sources */ = {isa = PBXBuildFile; fileRef = 72E665002805DEC0009A822D /* MotivityWidget.intentdefinition */; };
		72E665082805DEC2009A822D /* MotivityWidgetExtension.appex in Embed App Extensions */ = {isa = PBXBuildFile; fileRef = 72E664F72805DEC0009A822D /* MotivityWidgetExtension.appex */; settings = {ATTRIBUTES = (RemoveHeadersOnCopy, ); }; };
		72E6650E2805DF7E009A822D /* AddTaskPage.swift in Sources */ = {isa = PBXBuildFile; fileRef = 72E6650D2805DF7E009A822D /* AddTaskPage.swift */; };
		72E665102805E022009A822D /* EditTaskPage.swift in Sources */ = {isa = PBXBuildFile; fileRef = 72E6650F2805E022009A822D /* EditTaskPage.swift */; };
		8A2615E927DA6E4E00EA429C /* MotivityApp.swift in Sources */ = {isa = PBXBuildFile; fileRef = 8A2615E827DA6E4E00EA429C /* MotivityApp.swift */; };
		8A2615EB27DA6E4E00EA429C /* WelcomePage.swift in Sources */ = {isa = PBXBuildFile; fileRef = 8A2615EA27DA6E4E00EA429C /* WelcomePage.swift */; };
		8A2615ED27DA6E5200EA429C /* Assets.xcassets in Resources */ = {isa = PBXBuildFile; fileRef = 8A2615EC27DA6E5200EA429C /* Assets.xcassets */; };
		8A2615F027DA6E5200EA429C /* Preview Assets.xcassets in Resources */ = {isa = PBXBuildFile; fileRef = 8A2615EF27DA6E5200EA429C /* Preview Assets.xcassets */; };
		8A2615FA27DA6E5200EA429C /* MotivityTests.swift in Sources */ = {isa = PBXBuildFile; fileRef = 8A2615F927DA6E5200EA429C /* MotivityTests.swift */; };
		8A26160427DA6E5200EA429C /* MotivityUITests.swift in Sources */ = {isa = PBXBuildFile; fileRef = 8A26160327DA6E5200EA429C /* MotivityUITests.swift */; };
		8A26160627DA6E5200EA429C /* MotivityUITestsLaunchTests.swift in Sources */ = {isa = PBXBuildFile; fileRef = 8A26160527DA6E5200EA429C /* MotivityUITestsLaunchTests.swift */; };
		8A3B865428175DE300A24050 /* DailyBreakdownEventView.swift in Sources */ = {isa = PBXBuildFile; fileRef = 8A3B865328175DE200A24050 /* DailyBreakdownEventView.swift */; };
		8A5DFE8228136D7800943841 /* MotivityTextField.swift in Sources */ = {isa = PBXBuildFile; fileRef = 8A5DFE8128136D7800943841 /* MotivityTextField.swift */; };
		8A72B50127E52D4E009D5CB7 /* LoginPage.swift in Sources */ = {isa = PBXBuildFile; fileRef = 8A72B50027E52D4E009D5CB7 /* LoginPage.swift */; };
		8A72B50327E52E5D009D5CB7 /* NewUserSignUp.swift in Sources */ = {isa = PBXBuildFile; fileRef = 8A72B50227E52E5D009D5CB7 /* NewUserSignUp.swift */; };
		8A72B50527E52E9D009D5CB7 /* ExisitingUserPage.swift in Sources */ = {isa = PBXBuildFile; fileRef = 8A72B50427E52E9D009D5CB7 /* ExisitingUserPage.swift */; };
		8A8A4D8527FCFDF5007FF98D /* navigationHelper.swift in Sources */ = {isa = PBXBuildFile; fileRef = 8A8A4D8427FCFDF5007FF98D /* navigationHelper.swift */; };
		8A8CC4C627EA39CD00FA8CE9 /* EventView.swift in Sources */ = {isa = PBXBuildFile; fileRef = 8A8CC4C527EA39CD00FA8CE9 /* EventView.swift */; };
		8A8CC4C827EA39F000FA8CE9 /* CalendarView.swift in Sources */ = {isa = PBXBuildFile; fileRef = 8A8CC4C727EA39F000FA8CE9 /* CalendarView.swift */; };
		8A8CC4CA27EA3A8200FA8CE9 /* SettingsPage.swift in Sources */ = {isa = PBXBuildFile; fileRef = 8A8CC4C927EA3A8200FA8CE9 /* SettingsPage.swift */; };
		8A8CC4CC27EA3AA800FA8CE9 /* UserProfilePage.swift in Sources */ = {isa = PBXBuildFile; fileRef = 8A8CC4CB27EA3AA800FA8CE9 /* UserProfilePage.swift */; };
		8A93226B27F5FE7700112A6E /* MotherView.swift in Sources */ = {isa = PBXBuildFile; fileRef = 8A93226A27F5FE7700112A6E /* MotherView.swift */; };
		8A93226F27F60B4400112A6E /* ViewRouter.swift in Sources */ = {isa = PBXBuildFile; fileRef = 8A93226E27F60B4400112A6E /* ViewRouter.swift */; };
		8AF80F0428187B1B00668C82 /* GrowthCategories.swift in Sources */ = {isa = PBXBuildFile; fileRef = 8AF80F0328187B1B00668C82 /* GrowthCategories.swift */; };
		8AF80F062818922300668C82 /* CalendarView2.swift in Sources */ = {isa = PBXBuildFile; fileRef = 8AF80F052818922300668C82 /* CalendarView2.swift */; };
		8AF80F082818923100668C82 /* CalendarView3.swift in Sources */ = {isa = PBXBuildFile; fileRef = 8AF80F072818923100668C82 /* CalendarView3.swift */; };
		8AF80F0A2818924000668C82 /* CalendarView4.swift in Sources */ = {isa = PBXBuildFile; fileRef = 8AF80F092818924000668C82 /* CalendarView4.swift */; };
		A3680249C300CB732AD3A7B4 /* Pods_Motivity.framework in Frameworks */ = {isa = PBXBuildFile; fileRef = FBB635BED0371F86B16DFCEE /* Pods_Motivity.framework */; };
		B5A0DB25281752DC004750EA /* AddEventPage.swift in Sources */ = {isa = PBXBuildFile; fileRef = B5A0DB24281752DC004750EA /* AddEventPage.swift */; };
		C25C68A501438FE608CC4480 /* Pods_Motivity_MotivityUITests.framework in Frameworks */ = {isa = PBXBuildFile; fileRef = 4941DAFD99391EFCCAA8FE29 /* Pods_Motivity_MotivityUITests.framework */; };
		D832BFF2009E6112B8489473 /* Pods_MotivityTests.framework in Frameworks */ = {isa = PBXBuildFile; fileRef = FF891D735022BBA8AD310E9A /* Pods_MotivityTests.framework */; };
/* End PBXBuildFile section */

/* Begin PBXContainerItemProxy section */
		72E665062805DEC2009A822D /* PBXContainerItemProxy */ = {
			isa = PBXContainerItemProxy;
			containerPortal = 8A2615DD27DA6E4E00EA429C /* Project object */;
			proxyType = 1;
			remoteGlobalIDString = 72E664F62805DEC0009A822D;
			remoteInfo = MotivityWidgetExtension;
		};
		8A2615F627DA6E5200EA429C /* PBXContainerItemProxy */ = {
			isa = PBXContainerItemProxy;
			containerPortal = 8A2615DD27DA6E4E00EA429C /* Project object */;
			proxyType = 1;
			remoteGlobalIDString = 8A2615E427DA6E4E00EA429C;
			remoteInfo = Motivity;
		};
		8A26160027DA6E5200EA429C /* PBXContainerItemProxy */ = {
			isa = PBXContainerItemProxy;
			containerPortal = 8A2615DD27DA6E4E00EA429C /* Project object */;
			proxyType = 1;
			remoteGlobalIDString = 8A2615E427DA6E4E00EA429C;
			remoteInfo = Motivity;
		};
/* End PBXContainerItemProxy section */

/* Begin PBXCopyFilesBuildPhase section */
		72E665092805DEC2009A822D /* Embed App Extensions */ = {
			isa = PBXCopyFilesBuildPhase;
			buildActionMask = 2147483647;
			dstPath = "";
			dstSubfolderSpec = 13;
			files = (
				72E665082805DEC2009A822D /* MotivityWidgetExtension.appex in Embed App Extensions */,
			);
			name = "Embed App Extensions";
			runOnlyForDeploymentPostprocessing = 0;
		};
/* End PBXCopyFilesBuildPhase section */

/* Begin PBXFileReference section */
		0D351A6A635218B901E205A4 /* Pods_MotivityWidgetExtension.framework */ = {isa = PBXFileReference; explicitFileType = wrapper.framework; includeInIndex = 0; path = Pods_MotivityWidgetExtension.framework; sourceTree = BUILT_PRODUCTS_DIR; };
		2BD40942BF634AC5A2BCDA7C /* Pods-MotivityTests.release.xcconfig */ = {isa = PBXFileReference; includeInIndex = 1; lastKnownFileType = text.xcconfig; name = "Pods-MotivityTests.release.xcconfig"; path = "Target Support Files/Pods-MotivityTests/Pods-MotivityTests.release.xcconfig"; sourceTree = "<group>"; };
		2F06DBD3280B2E9800EF0069 /* GoogleService-Info.plist */ = {isa = PBXFileReference; fileEncoding = 4; lastKnownFileType = text.plist.xml; path = "GoogleService-Info.plist"; sourceTree = "<group>"; };
		2F06DBD5280E20BB00EF0069 /* AuthRouter.swift */ = {isa = PBXFileReference; lastKnownFileType = sourcecode.swift; path = AuthRouter.swift; sourceTree = "<group>"; };
		3E8C62B4934744C3FBC5A85D /* Pods-Motivity.debug.xcconfig */ = {isa = PBXFileReference; includeInIndex = 1; lastKnownFileType = text.xcconfig; name = "Pods-Motivity.debug.xcconfig"; path = "Target Support Files/Pods-Motivity/Pods-Motivity.debug.xcconfig"; sourceTree = "<group>"; };
		4941DAFD99391EFCCAA8FE29 /* Pods_Motivity_MotivityUITests.framework */ = {isa = PBXFileReference; explicitFileType = wrapper.framework; includeInIndex = 0; path = Pods_Motivity_MotivityUITests.framework; sourceTree = BUILT_PRODUCTS_DIR; };
		5FB0F874A6AF6D5FB5901AF7 /* Pods-Motivity-MotivityUITests.debug.xcconfig */ = {isa = PBXFileReference; includeInIndex = 1; lastKnownFileType = text.xcconfig; name = "Pods-Motivity-MotivityUITests.debug.xcconfig"; path = "Target Support Files/Pods-Motivity-MotivityUITests/Pods-Motivity-MotivityUITests.debug.xcconfig"; sourceTree = "<group>"; };
		7263CC80280F13B40007775E /* Motivity.entitlements */ = {isa = PBXFileReference; lastKnownFileType = text.plist.entitlements; path = Motivity.entitlements; sourceTree = "<group>"; };
		72E664F72805DEC0009A822D /* MotivityWidgetExtension.appex */ = {isa = PBXFileReference; explicitFileType = "wrapper.app-extension"; includeInIndex = 0; path = MotivityWidgetExtension.appex; sourceTree = BUILT_PRODUCTS_DIR; };
		72E664F92805DEC0009A822D /* WidgetKit.framework */ = {isa = PBXFileReference; lastKnownFileType = wrapper.framework; name = WidgetKit.framework; path = System/Library/Frameworks/WidgetKit.framework; sourceTree = SDKROOT; };
		72E664FB2805DEC0009A822D /* SwiftUI.framework */ = {isa = PBXFileReference; lastKnownFileType = wrapper.framework; name = SwiftUI.framework; path = System/Library/Frameworks/SwiftUI.framework; sourceTree = SDKROOT; };
		72E664FE2805DEC0009A822D /* MotivityWidget.swift */ = {isa = PBXFileReference; lastKnownFileType = sourcecode.swift; path = MotivityWidget.swift; sourceTree = "<group>"; };
		72E665002805DEC0009A822D /* MotivityWidget.intentdefinition */ = {isa = PBXFileReference; lastKnownFileType = file.intentdefinition; path = MotivityWidget.intentdefinition; sourceTree = "<group>"; };
		72E665012805DEC2009A822D /* Assets.xcassets */ = {isa = PBXFileReference; lastKnownFileType = folder.assetcatalog; path = Assets.xcassets; sourceTree = "<group>"; };
		72E665032805DEC2009A822D /* Info.plist */ = {isa = PBXFileReference; lastKnownFileType = text.plist.xml; path = Info.plist; sourceTree = "<group>"; };
		72E6650D2805DF7E009A822D /* AddTaskPage.swift */ = {isa = PBXFileReference; lastKnownFileType = sourcecode.swift; path = AddTaskPage.swift; sourceTree = "<group>"; };
		72E6650F2805E022009A822D /* EditTaskPage.swift */ = {isa = PBXFileReference; lastKnownFileType = sourcecode.swift; path = EditTaskPage.swift; sourceTree = "<group>"; };
		72F875A32818BD1600ADBA39 /* MotivityWidgetExtension.entitlements */ = {isa = PBXFileReference; lastKnownFileType = text.plist.entitlements; path = MotivityWidgetExtension.entitlements; sourceTree = "<group>"; };
		8A2615E527DA6E4E00EA429C /* Motivity.app */ = {isa = PBXFileReference; explicitFileType = wrapper.application; includeInIndex = 0; path = Motivity.app; sourceTree = BUILT_PRODUCTS_DIR; };
		8A2615E827DA6E4E00EA429C /* MotivityApp.swift */ = {isa = PBXFileReference; lastKnownFileType = sourcecode.swift; path = MotivityApp.swift; sourceTree = "<group>"; };
		8A2615EA27DA6E4E00EA429C /* WelcomePage.swift */ = {isa = PBXFileReference; lastKnownFileType = sourcecode.swift; path = WelcomePage.swift; sourceTree = "<group>"; };
		8A2615EC27DA6E5200EA429C /* Assets.xcassets */ = {isa = PBXFileReference; lastKnownFileType = folder.assetcatalog; path = Assets.xcassets; sourceTree = "<group>"; };
		8A2615EF27DA6E5200EA429C /* Preview Assets.xcassets */ = {isa = PBXFileReference; lastKnownFileType = folder.assetcatalog; path = "Preview Assets.xcassets"; sourceTree = "<group>"; };
		8A2615F527DA6E5200EA429C /* MotivityTests.xctest */ = {isa = PBXFileReference; explicitFileType = wrapper.cfbundle; includeInIndex = 0; path = MotivityTests.xctest; sourceTree = BUILT_PRODUCTS_DIR; };
		8A2615F927DA6E5200EA429C /* MotivityTests.swift */ = {isa = PBXFileReference; lastKnownFileType = sourcecode.swift; path = MotivityTests.swift; sourceTree = "<group>"; };
		8A2615FF27DA6E5200EA429C /* MotivityUITests.xctest */ = {isa = PBXFileReference; explicitFileType = wrapper.cfbundle; includeInIndex = 0; path = MotivityUITests.xctest; sourceTree = BUILT_PRODUCTS_DIR; };
		8A26160327DA6E5200EA429C /* MotivityUITests.swift */ = {isa = PBXFileReference; lastKnownFileType = sourcecode.swift; path = MotivityUITests.swift; sourceTree = "<group>"; };
		8A26160527DA6E5200EA429C /* MotivityUITestsLaunchTests.swift */ = {isa = PBXFileReference; lastKnownFileType = sourcecode.swift; path = MotivityUITestsLaunchTests.swift; sourceTree = "<group>"; };
		8A3B865328175DE200A24050 /* DailyBreakdownEventView.swift */ = {isa = PBXFileReference; lastKnownFileType = sourcecode.swift; path = DailyBreakdownEventView.swift; sourceTree = "<group>"; };
		8A5DFE8128136D7800943841 /* MotivityTextField.swift */ = {isa = PBXFileReference; lastKnownFileType = sourcecode.swift; path = MotivityTextField.swift; sourceTree = "<group>"; };
		8A72B50027E52D4E009D5CB7 /* LoginPage.swift */ = {isa = PBXFileReference; lastKnownFileType = sourcecode.swift; path = LoginPage.swift; sourceTree = "<group>"; };
		8A72B50227E52E5D009D5CB7 /* NewUserSignUp.swift */ = {isa = PBXFileReference; lastKnownFileType = sourcecode.swift; path = NewUserSignUp.swift; sourceTree = "<group>"; };
		8A72B50427E52E9D009D5CB7 /* ExisitingUserPage.swift */ = {isa = PBXFileReference; lastKnownFileType = sourcecode.swift; path = ExisitingUserPage.swift; sourceTree = "<group>"; };
		8A8A4D8427FCFDF5007FF98D /* navigationHelper.swift */ = {isa = PBXFileReference; lastKnownFileType = sourcecode.swift; path = navigationHelper.swift; sourceTree = "<group>"; };
		8A8CC4C527EA39CD00FA8CE9 /* EventView.swift */ = {isa = PBXFileReference; lastKnownFileType = sourcecode.swift; path = EventView.swift; sourceTree = "<group>"; };
		8A8CC4C727EA39F000FA8CE9 /* CalendarView.swift */ = {isa = PBXFileReference; lastKnownFileType = sourcecode.swift; path = CalendarView.swift; sourceTree = "<group>"; };
		8A8CC4C927EA3A8200FA8CE9 /* SettingsPage.swift */ = {isa = PBXFileReference; lastKnownFileType = sourcecode.swift; path = SettingsPage.swift; sourceTree = "<group>"; };
		8A8CC4CB27EA3AA800FA8CE9 /* UserProfilePage.swift */ = {isa = PBXFileReference; lastKnownFileType = sourcecode.swift; path = UserProfilePage.swift; sourceTree = "<group>"; };
		8A93226A27F5FE7700112A6E /* MotherView.swift */ = {isa = PBXFileReference; lastKnownFileType = sourcecode.swift; path = MotherView.swift; sourceTree = "<group>"; };
		8A93226E27F60B4400112A6E /* ViewRouter.swift */ = {isa = PBXFileReference; lastKnownFileType = sourcecode.swift; path = ViewRouter.swift; sourceTree = "<group>"; };
		8AF80F0328187B1B00668C82 /* GrowthCategories.swift */ = {isa = PBXFileReference; lastKnownFileType = sourcecode.swift; path = GrowthCategories.swift; sourceTree = "<group>"; };
		8AF80F052818922300668C82 /* CalendarView2.swift */ = {isa = PBXFileReference; lastKnownFileType = sourcecode.swift; path = CalendarView2.swift; sourceTree = "<group>"; };
		8AF80F072818923100668C82 /* CalendarView3.swift */ = {isa = PBXFileReference; lastKnownFileType = sourcecode.swift; path = CalendarView3.swift; sourceTree = "<group>"; };
		8AF80F092818924000668C82 /* CalendarView4.swift */ = {isa = PBXFileReference; lastKnownFileType = sourcecode.swift; path = CalendarView4.swift; sourceTree = "<group>"; };
		A0E13F92A9830E351B86AC7C /* Pods-Motivity.release.xcconfig */ = {isa = PBXFileReference; includeInIndex = 1; lastKnownFileType = text.xcconfig; name = "Pods-Motivity.release.xcconfig"; path = "Target Support Files/Pods-Motivity/Pods-Motivity.release.xcconfig"; sourceTree = "<group>"; };
		A217D97E34DBB8235DD806C8 /* Pods-MotivityWidgetExtension.debug.xcconfig */ = {isa = PBXFileReference; includeInIndex = 1; lastKnownFileType = text.xcconfig; name = "Pods-MotivityWidgetExtension.debug.xcconfig"; path = "Target Support Files/Pods-MotivityWidgetExtension/Pods-MotivityWidgetExtension.debug.xcconfig"; sourceTree = "<group>"; };
		A74CB0F6310A5F600567538E /* Pods-MotivityWidgetExtension.release.xcconfig */ = {isa = PBXFileReference; includeInIndex = 1; lastKnownFileType = text.xcconfig; name = "Pods-MotivityWidgetExtension.release.xcconfig"; path = "Target Support Files/Pods-MotivityWidgetExtension/Pods-MotivityWidgetExtension.release.xcconfig"; sourceTree = "<group>"; };
		B5A0DB24281752DC004750EA /* AddEventPage.swift */ = {isa = PBXFileReference; lastKnownFileType = sourcecode.swift; path = AddEventPage.swift; sourceTree = "<group>"; };
		E054EE9FD9229DD56E951AE8 /* Pods-Motivity-MotivityUITests.release.xcconfig */ = {isa = PBXFileReference; includeInIndex = 1; lastKnownFileType = text.xcconfig; name = "Pods-Motivity-MotivityUITests.release.xcconfig"; path = "Target Support Files/Pods-Motivity-MotivityUITests/Pods-Motivity-MotivityUITests.release.xcconfig"; sourceTree = "<group>"; };
		E55696AD9F7827B9A537EDC3 /* Pods-MotivityTests.debug.xcconfig */ = {isa = PBXFileReference; includeInIndex = 1; lastKnownFileType = text.xcconfig; name = "Pods-MotivityTests.debug.xcconfig"; path = "Target Support Files/Pods-MotivityTests/Pods-MotivityTests.debug.xcconfig"; sourceTree = "<group>"; };
		FBB635BED0371F86B16DFCEE /* Pods_Motivity.framework */ = {isa = PBXFileReference; explicitFileType = wrapper.framework; includeInIndex = 0; path = Pods_Motivity.framework; sourceTree = BUILT_PRODUCTS_DIR; };
		FF891D735022BBA8AD310E9A /* Pods_MotivityTests.framework */ = {isa = PBXFileReference; explicitFileType = wrapper.framework; includeInIndex = 0; path = Pods_MotivityTests.framework; sourceTree = BUILT_PRODUCTS_DIR; };
/* End PBXFileReference section */

/* Begin PBXFrameworksBuildPhase section */
		72E664F42805DEC0009A822D /* Frameworks */ = {
			isa = PBXFrameworksBuildPhase;
			buildActionMask = 2147483647;
			files = (
				72E664FC2805DEC0009A822D /* SwiftUI.framework in Frameworks */,
				72E664FA2805DEC0009A822D /* WidgetKit.framework in Frameworks */,
				11CC528362C173259F98DE04 /* Pods_MotivityWidgetExtension.framework in Frameworks */,
			);
			runOnlyForDeploymentPostprocessing = 0;
		};
		8A2615E227DA6E4E00EA429C /* Frameworks */ = {
			isa = PBXFrameworksBuildPhase;
			buildActionMask = 2147483647;
			files = (
				A3680249C300CB732AD3A7B4 /* Pods_Motivity.framework in Frameworks */,
			);
			runOnlyForDeploymentPostprocessing = 0;
		};
		8A2615F227DA6E5200EA429C /* Frameworks */ = {
			isa = PBXFrameworksBuildPhase;
			buildActionMask = 2147483647;
			files = (
				D832BFF2009E6112B8489473 /* Pods_MotivityTests.framework in Frameworks */,
			);
			runOnlyForDeploymentPostprocessing = 0;
		};
		8A2615FC27DA6E5200EA429C /* Frameworks */ = {
			isa = PBXFrameworksBuildPhase;
			buildActionMask = 2147483647;
			files = (
				C25C68A501438FE608CC4480 /* Pods_Motivity_MotivityUITests.framework in Frameworks */,
			);
			runOnlyForDeploymentPostprocessing = 0;
		};
/* End PBXFrameworksBuildPhase section */

/* Begin PBXGroup section */
		3FA445FA6C6ABD0C9D482130 /* Pods */ = {
			isa = PBXGroup;
			children = (
				3E8C62B4934744C3FBC5A85D /* Pods-Motivity.debug.xcconfig */,
				A0E13F92A9830E351B86AC7C /* Pods-Motivity.release.xcconfig */,
				5FB0F874A6AF6D5FB5901AF7 /* Pods-Motivity-MotivityUITests.debug.xcconfig */,
				E054EE9FD9229DD56E951AE8 /* Pods-Motivity-MotivityUITests.release.xcconfig */,
				E55696AD9F7827B9A537EDC3 /* Pods-MotivityTests.debug.xcconfig */,
				2BD40942BF634AC5A2BCDA7C /* Pods-MotivityTests.release.xcconfig */,
				A217D97E34DBB8235DD806C8 /* Pods-MotivityWidgetExtension.debug.xcconfig */,
				A74CB0F6310A5F600567538E /* Pods-MotivityWidgetExtension.release.xcconfig */,
			);
			path = Pods;
			sourceTree = "<group>";
		};
		72E664F82805DEC0009A822D /* Frameworks */ = {
			isa = PBXGroup;
			children = (
				72E664F92805DEC0009A822D /* WidgetKit.framework */,
				72E664FB2805DEC0009A822D /* SwiftUI.framework */,
				FBB635BED0371F86B16DFCEE /* Pods_Motivity.framework */,
				4941DAFD99391EFCCAA8FE29 /* Pods_Motivity_MotivityUITests.framework */,
				FF891D735022BBA8AD310E9A /* Pods_MotivityTests.framework */,
				0D351A6A635218B901E205A4 /* Pods_MotivityWidgetExtension.framework */,
			);
			name = Frameworks;
			sourceTree = "<group>";
		};
		72E664FD2805DEC0009A822D /* MotivityWidget */ = {
			isa = PBXGroup;
			children = (
				72E664FE2805DEC0009A822D /* MotivityWidget.swift */,
				72E665002805DEC0009A822D /* MotivityWidget.intentdefinition */,
				72E665012805DEC2009A822D /* Assets.xcassets */,
				72E665032805DEC2009A822D /* Info.plist */,
			);
			path = MotivityWidget;
			sourceTree = "<group>";
		};
		8A2615DC27DA6E4E00EA429C = {
			isa = PBXGroup;
			children = (
				72F875A32818BD1600ADBA39 /* MotivityWidgetExtension.entitlements */,
				8A2615E727DA6E4E00EA429C /* Motivity */,
				8A2615F827DA6E5200EA429C /* MotivityTests */,
				8A26160227DA6E5200EA429C /* MotivityUITests */,
				72E664FD2805DEC0009A822D /* MotivityWidget */,
				72E664F82805DEC0009A822D /* Frameworks */,
				8A2615E627DA6E4E00EA429C /* Products */,
				3FA445FA6C6ABD0C9D482130 /* Pods */,
			);
			sourceTree = "<group>";
		};
		8A2615E627DA6E4E00EA429C /* Products */ = {
			isa = PBXGroup;
			children = (
				8A2615E527DA6E4E00EA429C /* Motivity.app */,
				8A2615F527DA6E5200EA429C /* MotivityTests.xctest */,
				8A2615FF27DA6E5200EA429C /* MotivityUITests.xctest */,
				72E664F72805DEC0009A822D /* MotivityWidgetExtension.appex */,
			);
			name = Products;
			sourceTree = "<group>";
		};
		8A2615E727DA6E4E00EA429C /* Motivity */ = {
			isa = PBXGroup;
			children = (
				7263CC80280F13B40007775E /* Motivity.entitlements */,
				2F06DBD3280B2E9800EF0069 /* GoogleService-Info.plist */,
				8A8A4D8427FCFDF5007FF98D /* navigationHelper.swift */,
				8A2615EA27DA6E4E00EA429C /* WelcomePage.swift */,
				8A72B50027E52D4E009D5CB7 /* LoginPage.swift */,
				8A2615E827DA6E4E00EA429C /* MotivityApp.swift */,
				8A72B50227E52E5D009D5CB7 /* NewUserSignUp.swift */,
				8A72B50427E52E9D009D5CB7 /* ExisitingUserPage.swift */,
				8A8CC4C927EA3A8200FA8CE9 /* SettingsPage.swift */,
				8A8CC4CB27EA3AA800FA8CE9 /* UserProfilePage.swift */,
				8A8CC4C727EA39F000FA8CE9 /* CalendarView.swift */,
				8A3B865328175DE200A24050 /* DailyBreakdownEventView.swift */,
				8A8CC4C527EA39CD00FA8CE9 /* EventView.swift */,
				8A93226E27F60B4400112A6E /* ViewRouter.swift */,
				8A93226A27F5FE7700112A6E /* MotherView.swift */,
				2F06DBD5280E20BB00EF0069 /* AuthRouter.swift */,
				72E6650D2805DF7E009A822D /* AddTaskPage.swift */,
				B5A0DB24281752DC004750EA /* AddEventPage.swift */,
				72E6650F2805E022009A822D /* EditTaskPage.swift */,
				8A5DFE8128136D7800943841 /* MotivityTextField.swift */,
				8AF80F0328187B1B00668C82 /* GrowthCategories.swift */,
				8AF80F052818922300668C82 /* CalendarView2.swift */,
				8AF80F072818923100668C82 /* CalendarView3.swift */,
				8AF80F092818924000668C82 /* CalendarView4.swift */,
				8A2615EC27DA6E5200EA429C /* Assets.xcassets */,
				8A2615EE27DA6E5200EA429C /* Preview Content */,
			);
			path = Motivity;
			sourceTree = "<group>";
		};
		8A2615EE27DA6E5200EA429C /* Preview Content */ = {
			isa = PBXGroup;
			children = (
				8A2615EF27DA6E5200EA429C /* Preview Assets.xcassets */,
			);
			path = "Preview Content";
			sourceTree = "<group>";
		};
		8A2615F827DA6E5200EA429C /* MotivityTests */ = {
			isa = PBXGroup;
			children = (
				8A2615F927DA6E5200EA429C /* MotivityTests.swift */,
			);
			path = MotivityTests;
			sourceTree = "<group>";
		};
		8A26160227DA6E5200EA429C /* MotivityUITests */ = {
			isa = PBXGroup;
			children = (
				8A26160327DA6E5200EA429C /* MotivityUITests.swift */,
				8A26160527DA6E5200EA429C /* MotivityUITestsLaunchTests.swift */,
			);
			path = MotivityUITests;
			sourceTree = "<group>";
		};
/* End PBXGroup section */

/* Begin PBXNativeTarget section */
		72E664F62805DEC0009A822D /* MotivityWidgetExtension */ = {
			isa = PBXNativeTarget;
			buildConfigurationList = 72E6650C2805DEC2009A822D /* Build configuration list for PBXNativeTarget "MotivityWidgetExtension" */;
			buildPhases = (
				18B7872EE24DDFB9A9E749D2 /* [CP] Check Pods Manifest.lock */,
				72E664F32805DEC0009A822D /* Sources */,
				72E664F42805DEC0009A822D /* Frameworks */,
				72E664F52805DEC0009A822D /* Resources */,
			);
			buildRules = (
			);
			dependencies = (
			);
			name = MotivityWidgetExtension;
			productName = MotivityWidgetExtension;
			productReference = 72E664F72805DEC0009A822D /* MotivityWidgetExtension.appex */;
			productType = "com.apple.product-type.app-extension";
		};
		8A2615E427DA6E4E00EA429C /* Motivity */ = {
			isa = PBXNativeTarget;
			buildConfigurationList = 8A26160927DA6E5200EA429C /* Build configuration list for PBXNativeTarget "Motivity" */;
			buildPhases = (
				6EF3DF97F0B5B0EEDA8EED9F /* [CP] Check Pods Manifest.lock */,
				8A2615E127DA6E4E00EA429C /* Sources */,
				8A2615E227DA6E4E00EA429C /* Frameworks */,
				8A2615E327DA6E4E00EA429C /* Resources */,
				72E665092805DEC2009A822D /* Embed App Extensions */,
				DD72A1666AC68E1C0C014AC7 /* [CP] Embed Pods Frameworks */,
			);
			buildRules = (
			);
			dependencies = (
				72E665072805DEC2009A822D /* PBXTargetDependency */,
			);
			name = Motivity;
			productName = Motivity;
			productReference = 8A2615E527DA6E4E00EA429C /* Motivity.app */;
			productType = "com.apple.product-type.application";
		};
		8A2615F427DA6E5200EA429C /* MotivityTests */ = {
			isa = PBXNativeTarget;
			buildConfigurationList = 8A26160C27DA6E5200EA429C /* Build configuration list for PBXNativeTarget "MotivityTests" */;
			buildPhases = (
				7D29D02D78CC3B659DDCD054 /* [CP] Check Pods Manifest.lock */,
				8A2615F127DA6E5200EA429C /* Sources */,
				8A2615F227DA6E5200EA429C /* Frameworks */,
				8A2615F327DA6E5200EA429C /* Resources */,
			);
			buildRules = (
			);
			dependencies = (
				8A2615F727DA6E5200EA429C /* PBXTargetDependency */,
			);
			name = MotivityTests;
			productName = MotivityTests;
			productReference = 8A2615F527DA6E5200EA429C /* MotivityTests.xctest */;
			productType = "com.apple.product-type.bundle.unit-test";
		};
		8A2615FE27DA6E5200EA429C /* MotivityUITests */ = {
			isa = PBXNativeTarget;
			buildConfigurationList = 8A26160F27DA6E5200EA429C /* Build configuration list for PBXNativeTarget "MotivityUITests" */;
			buildPhases = (
				022E6937C45456ED1BBF51C4 /* [CP] Check Pods Manifest.lock */,
				8A2615FB27DA6E5200EA429C /* Sources */,
				8A2615FC27DA6E5200EA429C /* Frameworks */,
				8A2615FD27DA6E5200EA429C /* Resources */,
				B6B72DC98B60106838C4D796 /* [CP] Embed Pods Frameworks */,
			);
			buildRules = (
			);
			dependencies = (
				8A26160127DA6E5200EA429C /* PBXTargetDependency */,
			);
			name = MotivityUITests;
			productName = MotivityUITests;
			productReference = 8A2615FF27DA6E5200EA429C /* MotivityUITests.xctest */;
			productType = "com.apple.product-type.bundle.ui-testing";
		};
/* End PBXNativeTarget section */

/* Begin PBXProject section */
		8A2615DD27DA6E4E00EA429C /* Project object */ = {
			isa = PBXProject;
			attributes = {
				BuildIndependentTargetsInParallel = 1;
				LastSwiftUpdateCheck = 1320;
				LastUpgradeCheck = 1320;
				TargetAttributes = {
					72E664F62805DEC0009A822D = {
						CreatedOnToolsVersion = 13.2.1;
					};
					8A2615E427DA6E4E00EA429C = {
						CreatedOnToolsVersion = 13.2.1;
					};
					8A2615F427DA6E5200EA429C = {
						CreatedOnToolsVersion = 13.2.1;
						TestTargetID = 8A2615E427DA6E4E00EA429C;
					};
					8A2615FE27DA6E5200EA429C = {
						CreatedOnToolsVersion = 13.2.1;
						TestTargetID = 8A2615E427DA6E4E00EA429C;
					};
				};
			};
			buildConfigurationList = 8A2615E027DA6E4E00EA429C /* Build configuration list for PBXProject "Motivity" */;
			compatibilityVersion = "Xcode 13.0";
			developmentRegion = en;
			hasScannedForEncodings = 0;
			knownRegions = (
				en,
				Base,
			);
			mainGroup = 8A2615DC27DA6E4E00EA429C;
			productRefGroup = 8A2615E627DA6E4E00EA429C /* Products */;
			projectDirPath = "";
			projectRoot = "";
			targets = (
				8A2615E427DA6E4E00EA429C /* Motivity */,
				8A2615F427DA6E5200EA429C /* MotivityTests */,
				8A2615FE27DA6E5200EA429C /* MotivityUITests */,
				72E664F62805DEC0009A822D /* MotivityWidgetExtension */,
			);
		};
/* End PBXProject section */

/* Begin PBXResourcesBuildPhase section */
		72E664F52805DEC0009A822D /* Resources */ = {
			isa = PBXResourcesBuildPhase;
			buildActionMask = 2147483647;
			files = (
				72E665022805DEC2009A822D /* Assets.xcassets in Resources */,
			);
			runOnlyForDeploymentPostprocessing = 0;
		};
		8A2615E327DA6E4E00EA429C /* Resources */ = {
			isa = PBXResourcesBuildPhase;
			buildActionMask = 2147483647;
			files = (
				2F06DBD4280B2E9800EF0069 /* GoogleService-Info.plist in Resources */,
				8A2615F027DA6E5200EA429C /* Preview Assets.xcassets in Resources */,
				8A2615ED27DA6E5200EA429C /* Assets.xcassets in Resources */,
			);
			runOnlyForDeploymentPostprocessing = 0;
		};
		8A2615F327DA6E5200EA429C /* Resources */ = {
			isa = PBXResourcesBuildPhase;
			buildActionMask = 2147483647;
			files = (
			);
			runOnlyForDeploymentPostprocessing = 0;
		};
		8A2615FD27DA6E5200EA429C /* Resources */ = {
			isa = PBXResourcesBuildPhase;
			buildActionMask = 2147483647;
			files = (
			);
			runOnlyForDeploymentPostprocessing = 0;
		};
/* End PBXResourcesBuildPhase section */

/* Begin PBXShellScriptBuildPhase section */
		022E6937C45456ED1BBF51C4 /* [CP] Check Pods Manifest.lock */ = {
			isa = PBXShellScriptBuildPhase;
			buildActionMask = 2147483647;
			files = (
			);
			inputFileListPaths = (
			);
			inputPaths = (
				"${PODS_PODFILE_DIR_PATH}/Podfile.lock",
				"${PODS_ROOT}/Manifest.lock",
			);
			name = "[CP] Check Pods Manifest.lock";
			outputFileListPaths = (
			);
			outputPaths = (
				"$(DERIVED_FILE_DIR)/Pods-Motivity-MotivityUITests-checkManifestLockResult.txt",
			);
			runOnlyForDeploymentPostprocessing = 0;
			shellPath = /bin/sh;
			shellScript = "diff \"${PODS_PODFILE_DIR_PATH}/Podfile.lock\" \"${PODS_ROOT}/Manifest.lock\" > /dev/null\nif [ $? != 0 ] ; then\n    # print error to STDERR\n    echo \"error: The sandbox is not in sync with the Podfile.lock. Run 'pod install' or update your CocoaPods installation.\" >&2\n    exit 1\nfi\n# This output is used by Xcode 'outputs' to avoid re-running this script phase.\necho \"SUCCESS\" > \"${SCRIPT_OUTPUT_FILE_0}\"\n";
			showEnvVarsInLog = 0;
		};
		18B7872EE24DDFB9A9E749D2 /* [CP] Check Pods Manifest.lock */ = {
			isa = PBXShellScriptBuildPhase;
			buildActionMask = 2147483647;
			files = (
			);
			inputFileListPaths = (
			);
			inputPaths = (
				"${PODS_PODFILE_DIR_PATH}/Podfile.lock",
				"${PODS_ROOT}/Manifest.lock",
			);
			name = "[CP] Check Pods Manifest.lock";
			outputFileListPaths = (
			);
			outputPaths = (
				"$(DERIVED_FILE_DIR)/Pods-MotivityWidgetExtension-checkManifestLockResult.txt",
			);
			runOnlyForDeploymentPostprocessing = 0;
			shellPath = /bin/sh;
			shellScript = "diff \"${PODS_PODFILE_DIR_PATH}/Podfile.lock\" \"${PODS_ROOT}/Manifest.lock\" > /dev/null\nif [ $? != 0 ] ; then\n    # print error to STDERR\n    echo \"error: The sandbox is not in sync with the Podfile.lock. Run 'pod install' or update your CocoaPods installation.\" >&2\n    exit 1\nfi\n# This output is used by Xcode 'outputs' to avoid re-running this script phase.\necho \"SUCCESS\" > \"${SCRIPT_OUTPUT_FILE_0}\"\n";
			showEnvVarsInLog = 0;
		};
		6EF3DF97F0B5B0EEDA8EED9F /* [CP] Check Pods Manifest.lock */ = {
			isa = PBXShellScriptBuildPhase;
			buildActionMask = 2147483647;
			files = (
			);
			inputFileListPaths = (
			);
			inputPaths = (
				"${PODS_PODFILE_DIR_PATH}/Podfile.lock",
				"${PODS_ROOT}/Manifest.lock",
			);
			name = "[CP] Check Pods Manifest.lock";
			outputFileListPaths = (
			);
			outputPaths = (
				"$(DERIVED_FILE_DIR)/Pods-Motivity-checkManifestLockResult.txt",
			);
			runOnlyForDeploymentPostprocessing = 0;
			shellPath = /bin/sh;
			shellScript = "diff \"${PODS_PODFILE_DIR_PATH}/Podfile.lock\" \"${PODS_ROOT}/Manifest.lock\" > /dev/null\nif [ $? != 0 ] ; then\n    # print error to STDERR\n    echo \"error: The sandbox is not in sync with the Podfile.lock. Run 'pod install' or update your CocoaPods installation.\" >&2\n    exit 1\nfi\n# This output is used by Xcode 'outputs' to avoid re-running this script phase.\necho \"SUCCESS\" > \"${SCRIPT_OUTPUT_FILE_0}\"\n";
			showEnvVarsInLog = 0;
		};
		7D29D02D78CC3B659DDCD054 /* [CP] Check Pods Manifest.lock */ = {
			isa = PBXShellScriptBuildPhase;
			buildActionMask = 2147483647;
			files = (
			);
			inputFileListPaths = (
			);
			inputPaths = (
				"${PODS_PODFILE_DIR_PATH}/Podfile.lock",
				"${PODS_ROOT}/Manifest.lock",
			);
			name = "[CP] Check Pods Manifest.lock";
			outputFileListPaths = (
			);
			outputPaths = (
				"$(DERIVED_FILE_DIR)/Pods-MotivityTests-checkManifestLockResult.txt",
			);
			runOnlyForDeploymentPostprocessing = 0;
			shellPath = /bin/sh;
			shellScript = "diff \"${PODS_PODFILE_DIR_PATH}/Podfile.lock\" \"${PODS_ROOT}/Manifest.lock\" > /dev/null\nif [ $? != 0 ] ; then\n    # print error to STDERR\n    echo \"error: The sandbox is not in sync with the Podfile.lock. Run 'pod install' or update your CocoaPods installation.\" >&2\n    exit 1\nfi\n# This output is used by Xcode 'outputs' to avoid re-running this script phase.\necho \"SUCCESS\" > \"${SCRIPT_OUTPUT_FILE_0}\"\n";
			showEnvVarsInLog = 0;
		};
		B6B72DC98B60106838C4D796 /* [CP] Embed Pods Frameworks */ = {
			isa = PBXShellScriptBuildPhase;
			buildActionMask = 2147483647;
			files = (
			);
			inputFileListPaths = (
				"${PODS_ROOT}/Target Support Files/Pods-Motivity-MotivityUITests/Pods-Motivity-MotivityUITests-frameworks-${CONFIGURATION}-input-files.xcfilelist",
			);
			name = "[CP] Embed Pods Frameworks";
			outputFileListPaths = (
				"${PODS_ROOT}/Target Support Files/Pods-Motivity-MotivityUITests/Pods-Motivity-MotivityUITests-frameworks-${CONFIGURATION}-output-files.xcfilelist",
			);
			runOnlyForDeploymentPostprocessing = 0;
			shellPath = /bin/sh;
			shellScript = "\"${PODS_ROOT}/Target Support Files/Pods-Motivity-MotivityUITests/Pods-Motivity-MotivityUITests-frameworks.sh\"\n";
			showEnvVarsInLog = 0;
		};
		DD72A1666AC68E1C0C014AC7 /* [CP] Embed Pods Frameworks */ = {
			isa = PBXShellScriptBuildPhase;
			buildActionMask = 2147483647;
			files = (
			);
			inputFileListPaths = (
				"${PODS_ROOT}/Target Support Files/Pods-Motivity/Pods-Motivity-frameworks-${CONFIGURATION}-input-files.xcfilelist",
			);
			name = "[CP] Embed Pods Frameworks";
			outputFileListPaths = (
				"${PODS_ROOT}/Target Support Files/Pods-Motivity/Pods-Motivity-frameworks-${CONFIGURATION}-output-files.xcfilelist",
			);
			runOnlyForDeploymentPostprocessing = 0;
			shellPath = /bin/sh;
			shellScript = "\"${PODS_ROOT}/Target Support Files/Pods-Motivity/Pods-Motivity-frameworks.sh\"\n";
			showEnvVarsInLog = 0;
		};
/* End PBXShellScriptBuildPhase section */

/* Begin PBXSourcesBuildPhase section */
		72E664F32805DEC0009A822D /* Sources */ = {
			isa = PBXSourcesBuildPhase;
			buildActionMask = 2147483647;
			files = (
				72E664FF2805DEC0009A822D /* MotivityWidget.swift in Sources */,
				721F7EA328137204007AFE7F /* AuthRouter.swift in Sources */,
				72E665042805DEC2009A822D /* MotivityWidget.intentdefinition in Sources */,
			);
			runOnlyForDeploymentPostprocessing = 0;
		};
		8A2615E127DA6E4E00EA429C /* Sources */ = {
			isa = PBXSourcesBuildPhase;
			buildActionMask = 2147483647;
			files = (
				8A5DFE8228136D7800943841 /* MotivityTextField.swift in Sources */,
				8A2615EB27DA6E4E00EA429C /* WelcomePage.swift in Sources */,
				8A8CC4C827EA39F000FA8CE9 /* CalendarView.swift in Sources */,
				8AF80F0A2818924000668C82 /* CalendarView4.swift in Sources */,
				8A8CC4C627EA39CD00FA8CE9 /* EventView.swift in Sources */,
				B5A0DB25281752DC004750EA /* AddEventPage.swift in Sources */,
				72E665102805E022009A822D /* EditTaskPage.swift in Sources */,
				8AF80F062818922300668C82 /* CalendarView2.swift in Sources */,
				8A93226F27F60B4400112A6E /* ViewRouter.swift in Sources */,
				8A8CC4CA27EA3A8200FA8CE9 /* SettingsPage.swift in Sources */,
				8A8A4D8527FCFDF5007FF98D /* navigationHelper.swift in Sources */,
				8A72B50327E52E5D009D5CB7 /* NewUserSignUp.swift in Sources */,
				8AF80F082818923100668C82 /* CalendarView3.swift in Sources */,
				8A72B50527E52E9D009D5CB7 /* ExisitingUserPage.swift in Sources */,
				8A8CC4CC27EA3AA800FA8CE9 /* UserProfilePage.swift in Sources */,
				8A3B865428175DE300A24050 /* DailyBreakdownEventView.swift in Sources */,
				8AF80F0428187B1B00668C82 /* GrowthCategories.swift in Sources */,
				8A2615E927DA6E4E00EA429C /* MotivityApp.swift in Sources */,
				8A72B50127E52D4E009D5CB7 /* LoginPage.swift in Sources */,
				72E6650E2805DF7E009A822D /* AddTaskPage.swift in Sources */,
				72E665052805DEC2009A822D /* MotivityWidget.intentdefinition in Sources */,
				2F06DBD6280E20BB00EF0069 /* AuthRouter.swift in Sources */,
				8A93226B27F5FE7700112A6E /* MotherView.swift in Sources */,
			);
			runOnlyForDeploymentPostprocessing = 0;
		};
		8A2615F127DA6E5200EA429C /* Sources */ = {
			isa = PBXSourcesBuildPhase;
			buildActionMask = 2147483647;
			files = (
				8A2615FA27DA6E5200EA429C /* MotivityTests.swift in Sources */,
			);
			runOnlyForDeploymentPostprocessing = 0;
		};
		8A2615FB27DA6E5200EA429C /* Sources */ = {
			isa = PBXSourcesBuildPhase;
			buildActionMask = 2147483647;
			files = (
				8A26160627DA6E5200EA429C /* MotivityUITestsLaunchTests.swift in Sources */,
				8A26160427DA6E5200EA429C /* MotivityUITests.swift in Sources */,
			);
			runOnlyForDeploymentPostprocessing = 0;
		};
/* End PBXSourcesBuildPhase section */

/* Begin PBXTargetDependency section */
		72E665072805DEC2009A822D /* PBXTargetDependency */ = {
			isa = PBXTargetDependency;
			target = 72E664F62805DEC0009A822D /* MotivityWidgetExtension */;
			targetProxy = 72E665062805DEC2009A822D /* PBXContainerItemProxy */;
		};
		8A2615F727DA6E5200EA429C /* PBXTargetDependency */ = {
			isa = PBXTargetDependency;
			target = 8A2615E427DA6E4E00EA429C /* Motivity */;
			targetProxy = 8A2615F627DA6E5200EA429C /* PBXContainerItemProxy */;
		};
		8A26160127DA6E5200EA429C /* PBXTargetDependency */ = {
			isa = PBXTargetDependency;
			target = 8A2615E427DA6E4E00EA429C /* Motivity */;
			targetProxy = 8A26160027DA6E5200EA429C /* PBXContainerItemProxy */;
		};
/* End PBXTargetDependency section */

/* Begin XCBuildConfiguration section */
		72E6650A2805DEC2009A822D /* Debug */ = {
			isa = XCBuildConfiguration;
			baseConfigurationReference = A217D97E34DBB8235DD806C8 /* Pods-MotivityWidgetExtension.debug.xcconfig */;
			buildSettings = {
				ASSETCATALOG_COMPILER_GLOBAL_ACCENT_COLOR_NAME = AccentColor;
				ASSETCATALOG_COMPILER_WIDGET_BACKGROUND_COLOR_NAME = WidgetBackground;
				CODE_SIGN_ENTITLEMENTS = MotivityWidgetExtension.entitlements;
				CODE_SIGN_STYLE = Automatic;
				CURRENT_PROJECT_VERSION = 1;
				DEVELOPMENT_TEAM = MK4QVW884A;
				GENERATE_INFOPLIST_FILE = YES;
				INFOPLIST_FILE = MotivityWidget/Info.plist;
				INFOPLIST_KEY_CFBundleDisplayName = MotivityWidget;
				INFOPLIST_KEY_NSHumanReadableCopyright = "";
				LD_RUNPATH_SEARCH_PATHS = (
					"$(inherited)",
					"@executable_path/Frameworks",
					"@executable_path/../../Frameworks",
				);
				MARKETING_VERSION = 1.0;
				PRODUCT_BUNDLE_IDENTIFIER = "Team-Motivity.Motivity.MotivityWidget";
				PRODUCT_NAME = "$(TARGET_NAME)";
				SKIP_INSTALL = YES;
				SWIFT_EMIT_LOC_STRINGS = YES;
				SWIFT_VERSION = 5.0;
				TARGETED_DEVICE_FAMILY = "1,2";
			};
			name = Debug;
		};
		72E6650B2805DEC2009A822D /* Release */ = {
			isa = XCBuildConfiguration;
			baseConfigurationReference = A74CB0F6310A5F600567538E /* Pods-MotivityWidgetExtension.release.xcconfig */;
			buildSettings = {
				ASSETCATALOG_COMPILER_GLOBAL_ACCENT_COLOR_NAME = AccentColor;
				ASSETCATALOG_COMPILER_WIDGET_BACKGROUND_COLOR_NAME = WidgetBackground;
				CODE_SIGN_ENTITLEMENTS = MotivityWidgetExtension.entitlements;
				CODE_SIGN_STYLE = Automatic;
				CURRENT_PROJECT_VERSION = 1;
				DEVELOPMENT_TEAM = MK4QVW884A;
				GENERATE_INFOPLIST_FILE = YES;
				INFOPLIST_FILE = MotivityWidget/Info.plist;
				INFOPLIST_KEY_CFBundleDisplayName = MotivityWidget;
				INFOPLIST_KEY_NSHumanReadableCopyright = "";
				LD_RUNPATH_SEARCH_PATHS = (
					"$(inherited)",
					"@executable_path/Frameworks",
					"@executable_path/../../Frameworks",
				);
				MARKETING_VERSION = 1.0;
				PRODUCT_BUNDLE_IDENTIFIER = "Team-Motivity.Motivity.MotivityWidget";
				PRODUCT_NAME = "$(TARGET_NAME)";
				SKIP_INSTALL = YES;
				SWIFT_EMIT_LOC_STRINGS = YES;
				SWIFT_VERSION = 5.0;
				TARGETED_DEVICE_FAMILY = "1,2";
			};
			name = Release;
		};
		8A26160727DA6E5200EA429C /* Debug */ = {
			isa = XCBuildConfiguration;
			buildSettings = {
				ALWAYS_SEARCH_USER_PATHS = NO;
				CLANG_ANALYZER_NONNULL = YES;
				CLANG_ANALYZER_NUMBER_OBJECT_CONVERSION = YES_AGGRESSIVE;
				CLANG_CXX_LANGUAGE_STANDARD = "gnu++17";
				CLANG_CXX_LIBRARY = "libc++";
				CLANG_ENABLE_MODULES = YES;
				CLANG_ENABLE_OBJC_ARC = YES;
				CLANG_ENABLE_OBJC_WEAK = YES;
				CLANG_WARN_BLOCK_CAPTURE_AUTORELEASING = YES;
				CLANG_WARN_BOOL_CONVERSION = YES;
				CLANG_WARN_COMMA = YES;
				CLANG_WARN_CONSTANT_CONVERSION = YES;
				CLANG_WARN_DEPRECATED_OBJC_IMPLEMENTATIONS = YES;
				CLANG_WARN_DIRECT_OBJC_ISA_USAGE = YES_ERROR;
				CLANG_WARN_DOCUMENTATION_COMMENTS = YES;
				CLANG_WARN_EMPTY_BODY = YES;
				CLANG_WARN_ENUM_CONVERSION = YES;
				CLANG_WARN_INFINITE_RECURSION = YES;
				CLANG_WARN_INT_CONVERSION = YES;
				CLANG_WARN_NON_LITERAL_NULL_CONVERSION = YES;
				CLANG_WARN_OBJC_IMPLICIT_RETAIN_SELF = YES;
				CLANG_WARN_OBJC_LITERAL_CONVERSION = YES;
				CLANG_WARN_OBJC_ROOT_CLASS = YES_ERROR;
				CLANG_WARN_QUOTED_INCLUDE_IN_FRAMEWORK_HEADER = YES;
				CLANG_WARN_RANGE_LOOP_ANALYSIS = YES;
				CLANG_WARN_STRICT_PROTOTYPES = YES;
				CLANG_WARN_SUSPICIOUS_MOVE = YES;
				CLANG_WARN_UNGUARDED_AVAILABILITY = YES_AGGRESSIVE;
				CLANG_WARN_UNREACHABLE_CODE = YES;
				CLANG_WARN__DUPLICATE_METHOD_MATCH = YES;
				COPY_PHASE_STRIP = NO;
				DEBUG_INFORMATION_FORMAT = dwarf;
				ENABLE_STRICT_OBJC_MSGSEND = YES;
				ENABLE_TESTABILITY = YES;
				GCC_C_LANGUAGE_STANDARD = gnu11;
				GCC_DYNAMIC_NO_PIC = NO;
				GCC_NO_COMMON_BLOCKS = YES;
				GCC_OPTIMIZATION_LEVEL = 0;
				GCC_PREPROCESSOR_DEFINITIONS = (
					"DEBUG=1",
					"$(inherited)",
				);
				GCC_WARN_64_TO_32_BIT_CONVERSION = YES;
				GCC_WARN_ABOUT_RETURN_TYPE = YES_ERROR;
				GCC_WARN_UNDECLARED_SELECTOR = YES;
				GCC_WARN_UNINITIALIZED_AUTOS = YES_AGGRESSIVE;
				GCC_WARN_UNUSED_FUNCTION = YES;
				GCC_WARN_UNUSED_VARIABLE = YES;
				IPHONEOS_DEPLOYMENT_TARGET = 15.2;
				MTL_ENABLE_DEBUG_INFO = INCLUDE_SOURCE;
				MTL_FAST_MATH = YES;
				ONLY_ACTIVE_ARCH = YES;
				SDKROOT = iphoneos;
				SWIFT_ACTIVE_COMPILATION_CONDITIONS = DEBUG;
				SWIFT_OPTIMIZATION_LEVEL = "-Onone";
			};
			name = Debug;
		};
		8A26160827DA6E5200EA429C /* Release */ = {
			isa = XCBuildConfiguration;
			buildSettings = {
				ALWAYS_SEARCH_USER_PATHS = NO;
				CLANG_ANALYZER_NONNULL = YES;
				CLANG_ANALYZER_NUMBER_OBJECT_CONVERSION = YES_AGGRESSIVE;
				CLANG_CXX_LANGUAGE_STANDARD = "gnu++17";
				CLANG_CXX_LIBRARY = "libc++";
				CLANG_ENABLE_MODULES = YES;
				CLANG_ENABLE_OBJC_ARC = YES;
				CLANG_ENABLE_OBJC_WEAK = YES;
				CLANG_WARN_BLOCK_CAPTURE_AUTORELEASING = YES;
				CLANG_WARN_BOOL_CONVERSION = YES;
				CLANG_WARN_COMMA = YES;
				CLANG_WARN_CONSTANT_CONVERSION = YES;
				CLANG_WARN_DEPRECATED_OBJC_IMPLEMENTATIONS = YES;
				CLANG_WARN_DIRECT_OBJC_ISA_USAGE = YES_ERROR;
				CLANG_WARN_DOCUMENTATION_COMMENTS = YES;
				CLANG_WARN_EMPTY_BODY = YES;
				CLANG_WARN_ENUM_CONVERSION = YES;
				CLANG_WARN_INFINITE_RECURSION = YES;
				CLANG_WARN_INT_CONVERSION = YES;
				CLANG_WARN_NON_LITERAL_NULL_CONVERSION = YES;
				CLANG_WARN_OBJC_IMPLICIT_RETAIN_SELF = YES;
				CLANG_WARN_OBJC_LITERAL_CONVERSION = YES;
				CLANG_WARN_OBJC_ROOT_CLASS = YES_ERROR;
				CLANG_WARN_QUOTED_INCLUDE_IN_FRAMEWORK_HEADER = YES;
				CLANG_WARN_RANGE_LOOP_ANALYSIS = YES;
				CLANG_WARN_STRICT_PROTOTYPES = YES;
				CLANG_WARN_SUSPICIOUS_MOVE = YES;
				CLANG_WARN_UNGUARDED_AVAILABILITY = YES_AGGRESSIVE;
				CLANG_WARN_UNREACHABLE_CODE = YES;
				CLANG_WARN__DUPLICATE_METHOD_MATCH = YES;
				COPY_PHASE_STRIP = NO;
				DEBUG_INFORMATION_FORMAT = "dwarf-with-dsym";
				ENABLE_NS_ASSERTIONS = NO;
				ENABLE_STRICT_OBJC_MSGSEND = YES;
				GCC_C_LANGUAGE_STANDARD = gnu11;
				GCC_NO_COMMON_BLOCKS = YES;
				GCC_WARN_64_TO_32_BIT_CONVERSION = YES;
				GCC_WARN_ABOUT_RETURN_TYPE = YES_ERROR;
				GCC_WARN_UNDECLARED_SELECTOR = YES;
				GCC_WARN_UNINITIALIZED_AUTOS = YES_AGGRESSIVE;
				GCC_WARN_UNUSED_FUNCTION = YES;
				GCC_WARN_UNUSED_VARIABLE = YES;
				IPHONEOS_DEPLOYMENT_TARGET = 15.2;
				MTL_ENABLE_DEBUG_INFO = NO;
				MTL_FAST_MATH = YES;
				SDKROOT = iphoneos;
				SWIFT_COMPILATION_MODE = wholemodule;
				SWIFT_OPTIMIZATION_LEVEL = "-O";
				VALIDATE_PRODUCT = YES;
			};
			name = Release;
		};
		8A26160A27DA6E5200EA429C /* Debug */ = {
			isa = XCBuildConfiguration;
			baseConfigurationReference = 3E8C62B4934744C3FBC5A85D /* Pods-Motivity.debug.xcconfig */;
			buildSettings = {
				ALWAYS_EMBED_SWIFT_STANDARD_LIBRARIES = YES;
				ASSETCATALOG_COMPILER_APPICON_NAME = AppIcon;
				ASSETCATALOG_COMPILER_GLOBAL_ACCENT_COLOR_NAME = AccentColor;
				CODE_SIGN_ENTITLEMENTS = Motivity/Motivity.entitlements;
				CODE_SIGN_STYLE = Automatic;
				CURRENT_PROJECT_VERSION = 1;
				DEVELOPMENT_ASSET_PATHS = "\"Motivity/Preview Content\"";
				DEVELOPMENT_TEAM = MK4QVW884A;
				ENABLE_PREVIEWS = YES;
				GENERATE_INFOPLIST_FILE = YES;
				INFOPLIST_KEY_UIApplicationSceneManifest_Generation = YES;
				INFOPLIST_KEY_UIApplicationSupportsIndirectInputEvents = YES;
				INFOPLIST_KEY_UILaunchScreen_Generation = YES;
				INFOPLIST_KEY_UISupportedInterfaceOrientations_iPad = "UIInterfaceOrientationPortrait UIInterfaceOrientationPortraitUpsideDown UIInterfaceOrientationLandscapeLeft UIInterfaceOrientationLandscapeRight";
				INFOPLIST_KEY_UISupportedInterfaceOrientations_iPhone = "UIInterfaceOrientationPortrait UIInterfaceOrientationLandscapeLeft UIInterfaceOrientationLandscapeRight";
				LD_RUNPATH_SEARCH_PATHS = (
					"$(inherited)",
					"@executable_path/Frameworks",
				);
				MARKETING_VERSION = 1.0;
				PRODUCT_BUNDLE_IDENTIFIER = "Team-Motivity.Motivity";
				PRODUCT_NAME = "$(TARGET_NAME)";
				SWIFT_EMIT_LOC_STRINGS = YES;
				SWIFT_VERSION = 5.0;
				TARGETED_DEVICE_FAMILY = "1,2";
			};
			name = Debug;
		};
		8A26160B27DA6E5200EA429C /* Release */ = {
			isa = XCBuildConfiguration;
			baseConfigurationReference = A0E13F92A9830E351B86AC7C /* Pods-Motivity.release.xcconfig */;
			buildSettings = {
				ALWAYS_EMBED_SWIFT_STANDARD_LIBRARIES = YES;
				ASSETCATALOG_COMPILER_APPICON_NAME = AppIcon;
				ASSETCATALOG_COMPILER_GLOBAL_ACCENT_COLOR_NAME = AccentColor;
				CODE_SIGN_ENTITLEMENTS = Motivity/Motivity.entitlements;
				CODE_SIGN_STYLE = Automatic;
				CURRENT_PROJECT_VERSION = 1;
				DEVELOPMENT_ASSET_PATHS = "\"Motivity/Preview Content\"";
				DEVELOPMENT_TEAM = MK4QVW884A;
				ENABLE_PREVIEWS = YES;
				GENERATE_INFOPLIST_FILE = YES;
				INFOPLIST_KEY_UIApplicationSceneManifest_Generation = YES;
				INFOPLIST_KEY_UIApplicationSupportsIndirectInputEvents = YES;
				INFOPLIST_KEY_UILaunchScreen_Generation = YES;
				INFOPLIST_KEY_UISupportedInterfaceOrientations_iPad = "UIInterfaceOrientationPortrait UIInterfaceOrientationPortraitUpsideDown UIInterfaceOrientationLandscapeLeft UIInterfaceOrientationLandscapeRight";
				INFOPLIST_KEY_UISupportedInterfaceOrientations_iPhone = "UIInterfaceOrientationPortrait UIInterfaceOrientationLandscapeLeft UIInterfaceOrientationLandscapeRight";
				LD_RUNPATH_SEARCH_PATHS = (
					"$(inherited)",
					"@executable_path/Frameworks",
				);
				MARKETING_VERSION = 1.0;
				PRODUCT_BUNDLE_IDENTIFIER = "Team-Motivity.Motivity";
				PRODUCT_NAME = "$(TARGET_NAME)";
				SWIFT_EMIT_LOC_STRINGS = YES;
				SWIFT_VERSION = 5.0;
				TARGETED_DEVICE_FAMILY = "1,2";
			};
			name = Release;
		};
		8A26160D27DA6E5200EA429C /* Debug */ = {
			isa = XCBuildConfiguration;
			baseConfigurationReference = E55696AD9F7827B9A537EDC3 /* Pods-MotivityTests.debug.xcconfig */;
			buildSettings = {
				ALWAYS_EMBED_SWIFT_STANDARD_LIBRARIES = YES;
				BUNDLE_LOADER = "$(TEST_HOST)";
				CODE_SIGN_STYLE = Automatic;
				CURRENT_PROJECT_VERSION = 1;
				DEVELOPMENT_TEAM = MK4QVW884A;
				GENERATE_INFOPLIST_FILE = YES;
				IPHONEOS_DEPLOYMENT_TARGET = 15.2;
				MARKETING_VERSION = 1.0;
				PRODUCT_BUNDLE_IDENTIFIER = "Team-Motivity.MotivityTests";
				PRODUCT_NAME = "$(TARGET_NAME)";
				SWIFT_EMIT_LOC_STRINGS = NO;
				SWIFT_VERSION = 5.0;
				TARGETED_DEVICE_FAMILY = "1,2";
				TEST_HOST = "$(BUILT_PRODUCTS_DIR)/Motivity.app/Motivity";
			};
			name = Debug;
		};
		8A26160E27DA6E5200EA429C /* Release */ = {
			isa = XCBuildConfiguration;
			baseConfigurationReference = 2BD40942BF634AC5A2BCDA7C /* Pods-MotivityTests.release.xcconfig */;
			buildSettings = {
				ALWAYS_EMBED_SWIFT_STANDARD_LIBRARIES = YES;
				BUNDLE_LOADER = "$(TEST_HOST)";
				CODE_SIGN_STYLE = Automatic;
				CURRENT_PROJECT_VERSION = 1;
				DEVELOPMENT_TEAM = MK4QVW884A;
				GENERATE_INFOPLIST_FILE = YES;
				IPHONEOS_DEPLOYMENT_TARGET = 15.2;
				MARKETING_VERSION = 1.0;
				PRODUCT_BUNDLE_IDENTIFIER = "Team-Motivity.MotivityTests";
				PRODUCT_NAME = "$(TARGET_NAME)";
				SWIFT_EMIT_LOC_STRINGS = NO;
				SWIFT_VERSION = 5.0;
				TARGETED_DEVICE_FAMILY = "1,2";
				TEST_HOST = "$(BUILT_PRODUCTS_DIR)/Motivity.app/Motivity";
			};
			name = Release;
		};
		8A26161027DA6E5200EA429C /* Debug */ = {
			isa = XCBuildConfiguration;
			baseConfigurationReference = 5FB0F874A6AF6D5FB5901AF7 /* Pods-Motivity-MotivityUITests.debug.xcconfig */;
			buildSettings = {
				ALWAYS_EMBED_SWIFT_STANDARD_LIBRARIES = YES;
				CODE_SIGN_STYLE = Automatic;
				CURRENT_PROJECT_VERSION = 1;
				DEVELOPMENT_TEAM = MK4QVW884A;
				GENERATE_INFOPLIST_FILE = YES;
				MARKETING_VERSION = 1.0;
				PRODUCT_BUNDLE_IDENTIFIER = "Team-Motivity.MotivityUITests";
				PRODUCT_NAME = "$(TARGET_NAME)";
				SWIFT_EMIT_LOC_STRINGS = NO;
				SWIFT_VERSION = 5.0;
				TARGETED_DEVICE_FAMILY = "1,2";
				TEST_TARGET_NAME = Motivity;
			};
			name = Debug;
		};
		8A26161127DA6E5200EA429C /* Release */ = {
			isa = XCBuildConfiguration;
			baseConfigurationReference = E054EE9FD9229DD56E951AE8 /* Pods-Motivity-MotivityUITests.release.xcconfig */;
			buildSettings = {
				ALWAYS_EMBED_SWIFT_STANDARD_LIBRARIES = YES;
				CODE_SIGN_STYLE = Automatic;
				CURRENT_PROJECT_VERSION = 1;
				DEVELOPMENT_TEAM = MK4QVW884A;
				GENERATE_INFOPLIST_FILE = YES;
				MARKETING_VERSION = 1.0;
				PRODUCT_BUNDLE_IDENTIFIER = "Team-Motivity.MotivityUITests";
				PRODUCT_NAME = "$(TARGET_NAME)";
				SWIFT_EMIT_LOC_STRINGS = NO;
				SWIFT_VERSION = 5.0;
				TARGETED_DEVICE_FAMILY = "1,2";
				TEST_TARGET_NAME = Motivity;
			};
			name = Release;
		};
/* End XCBuildConfiguration section */

/* Begin XCConfigurationList section */
		72E6650C2805DEC2009A822D /* Build configuration list for PBXNativeTarget "MotivityWidgetExtension" */ = {
			isa = XCConfigurationList;
			buildConfigurations = (
				72E6650A2805DEC2009A822D /* Debug */,
				72E6650B2805DEC2009A822D /* Release */,
			);
			defaultConfigurationIsVisible = 0;
			defaultConfigurationName = Release;
		};
		8A2615E027DA6E4E00EA429C /* Build configuration list for PBXProject "Motivity" */ = {
			isa = XCConfigurationList;
			buildConfigurations = (
				8A26160727DA6E5200EA429C /* Debug */,
				8A26160827DA6E5200EA429C /* Release */,
			);
			defaultConfigurationIsVisible = 0;
			defaultConfigurationName = Release;
		};
		8A26160927DA6E5200EA429C /* Build configuration list for PBXNativeTarget "Motivity" */ = {
			isa = XCConfigurationList;
			buildConfigurations = (
				8A26160A27DA6E5200EA429C /* Debug */,
				8A26160B27DA6E5200EA429C /* Release */,
			);
			defaultConfigurationIsVisible = 0;
			defaultConfigurationName = Release;
		};
		8A26160C27DA6E5200EA429C /* Build configuration list for PBXNativeTarget "MotivityTests" */ = {
			isa = XCConfigurationList;
			buildConfigurations = (
				8A26160D27DA6E5200EA429C /* Debug */,
				8A26160E27DA6E5200EA429C /* Release */,
			);
			defaultConfigurationIsVisible = 0;
			defaultConfigurationName = Release;
		};
		8A26160F27DA6E5200EA429C /* Build configuration list for PBXNativeTarget "MotivityUITests" */ = {
			isa = XCConfigurationList;
			buildConfigurations = (
				8A26161027DA6E5200EA429C /* Debug */,
				8A26161127DA6E5200EA429C /* Release */,
			);
			defaultConfigurationIsVisible = 0;
			defaultConfigurationName = Release;
		};
/* End XCConfigurationList section */
	};
	rootObject = 8A2615DD27DA6E4E00EA429C /* Project object */;
}
